
Microsoft Visual Studio Solution File, Format Version 12.00
# Visual Studio Version 17
VisualStudioVersion = 17.11.35208.52
MinimumVisualStudioVersion = 10.0.40219.1
Project("{FAE04EC0-301F-11D3-BF4B-00C04F79EFBC}") = "baitaptong", "baitaptong\baitaptong.csproj", "{900F1504-03D6-42EC-8D2F-DC1C8EC900B9}"
EndProject
Global
	GlobalSection(SolutionConfigurationPlatforms) = preSolution
		Debug|Any CPU = Debug|Any CPU
		Release|Any CPU = Release|Any CPU
	EndGlobalSection
	GlobalSection(ProjectConfigurationPlatforms) = postSolution
		{900F1504-03D6-42EC-8D2F-DC1C8EC900B9}.Debug|Any CPU.ActiveCfg = Debug|Any CPU
		{900F1504-03D6-42EC-8D2F-DC1C8EC900B9}.Debug|Any CPU.Build.0 = Debug|Any CPU
		{900F1504-03D6-42EC-8D2F-DC1C8EC900B9}.Release|Any CPU.ActiveCfg = Release|Any CPU
		{900F1504-03D6-42EC-8D2F-DC1C8EC900B9}.Release|Any CPU.Build.0 = Release|Any CPU
	EndGlobalSection
	GlobalSection(SolutionProperties) = preSolution
		HideSolutionNode = FALSE
	EndGlobalSection
	GlobalSection(ExtensibilityGlobals) = postSolution
		SolutionGuid = {82EF4E19-13C7-4386-9FA1-41026032ADA7}
	EndGlobalSection
EndGlobal
