
Microsoft Visual Studio Solution File, Format Version 12.00
# Visual Studio Version 17
VisualStudioVersion = 17.11.35208.52
MinimumVisualStudioVersion = 10.0.40219.1
Project("{FAE04EC0-301F-11D3-BF4B-00C04F79EFBC}") = "baitapth", "baitapth\baitapth.csproj", "{87ED2A9A-C0BD-4641-9E5A-77141448DB61}"
EndProject
Global
	GlobalSection(SolutionConfigurationPlatforms) = preSolution
		Debug|Any CPU = Debug|Any CPU
		Release|Any CPU = Release|Any CPU
	EndGlobalSection
	GlobalSection(ProjectConfigurationPlatforms) = postSolution
		{87ED2A9A-C0BD-4641-9E5A-77141448DB61}.Debug|Any CPU.ActiveCfg = Debug|Any CPU
		{87ED2A9A-C0BD-4641-9E5A-77141448DB61}.Debug|Any CPU.Build.0 = Debug|Any CPU
		{87ED2A9A-C0BD-4641-9E5A-77141448DB61}.Release|Any CPU.ActiveCfg = Release|Any CPU
		{87ED2A9A-C0BD-4641-9E5A-77141448DB61}.Release|Any CPU.Build.0 = Release|Any CPU
	EndGlobalSection
	GlobalSection(SolutionProperties) = preSolution
		HideSolutionNode = FALSE
	EndGlobalSection
	GlobalSection(ExtensibilityGlobals) = postSolution
		SolutionGuid = {3D69D816-51CC-4A67-A580-CD91677F3A8B}
	EndGlobalSection
EndGlobal
