
Microsoft Visual Studio Solution File, Format Version 12.00
# Visual Studio Version 17
VisualStudioVersion = 17.11.35208.52
MinimumVisualStudioVersion = 10.0.40219.1
Project("{FAE04EC0-301F-11D3-BF4B-00C04F79EFBC}") = "baitap4", "baitap4\baitap4.csproj", "{C6E0F88B-5E73-4BBC-8573-0225A5606243}"
EndProject
Global
	GlobalSection(SolutionConfigurationPlatforms) = preSolution
		Debug|Any CPU = Debug|Any CPU
		Release|Any CPU = Release|Any CPU
	EndGlobalSection
	GlobalSection(ProjectConfigurationPlatforms) = postSolution
		{C6E0F88B-5E73-4BBC-8573-0225A5606243}.Debug|Any CPU.ActiveCfg = Debug|Any CPU
		{C6E0F88B-5E73-4BBC-8573-0225A5606243}.Debug|Any CPU.Build.0 = Debug|Any CPU
		{C6E0F88B-5E73-4BBC-8573-0225A5606243}.Release|Any CPU.ActiveCfg = Release|Any CPU
		{C6E0F88B-5E73-4BBC-8573-0225A5606243}.Release|Any CPU.Build.0 = Release|Any CPU
	EndGlobalSection
	GlobalSection(SolutionProperties) = preSolution
		HideSolutionNode = FALSE
	EndGlobalSection
	GlobalSection(ExtensibilityGlobals) = postSolution
		SolutionGuid = {D2581460-B9C2-4392-B389-72FFC38EEC7E}
	EndGlobalSection
EndGlobal
