
Microsoft Visual Studio Solution File, Format Version 12.00
# Visual Studio Version 17
VisualStudioVersion = 17.11.35208.52
MinimumVisualStudioVersion = 10.0.40219.1
Project("{FAE04EC0-301F-11D3-BF4B-00C04F79EFBC}") = "baitap20-10", "baitap20-10\baitap20-10.csproj", "{7DA7BEFB-149B-4B7C-B849-BDA8AA16F195}"
EndProject
Global
	GlobalSection(SolutionConfigurationPlatforms) = preSolution
		Debug|Any CPU = Debug|Any CPU
		Release|Any CPU = Release|Any CPU
	EndGlobalSection
	GlobalSection(ProjectConfigurationPlatforms) = postSolution
		{7DA7BEFB-149B-4B7C-B849-BDA8AA16F195}.Debug|Any CPU.ActiveCfg = Debug|Any CPU
		{7DA7BEFB-149B-4B7C-B849-BDA8AA16F195}.Debug|Any CPU.Build.0 = Debug|Any CPU
		{7DA7BEFB-149B-4B7C-B849-BDA8AA16F195}.Release|Any CPU.ActiveCfg = Release|Any CPU
		{7DA7BEFB-149B-4B7C-B849-BDA8AA16F195}.Release|Any CPU.Build.0 = Release|Any CPU
	EndGlobalSection
	GlobalSection(SolutionProperties) = preSolution
		HideSolutionNode = FALSE
	EndGlobalSection
	GlobalSection(ExtensibilityGlobals) = postSolution
		SolutionGuid = {81BE6042-D587-4B0E-BED9-B6181E719D3C}
	EndGlobalSection
EndGlobal
