
Microsoft Visual Studio Solution File, Format Version 12.00
# Visual Studio Version 17
VisualStudioVersion = 17.11.35208.52
MinimumVisualStudioVersion = 10.0.40219.1
Project("{FAE04EC0-301F-11D3-BF4B-00C04F79EFBC}") = "baotap5", "baotap5\baotap5.csproj", "{55D92651-80B5-467D-9050-42FB36611AFB}"
EndProject
Global
	GlobalSection(SolutionConfigurationPlatforms) = preSolution
		Debug|Any CPU = Debug|Any CPU
		Release|Any CPU = Release|Any CPU
	EndGlobalSection
	GlobalSection(ProjectConfigurationPlatforms) = postSolution
		{55D92651-80B5-467D-9050-42FB36611AFB}.Debug|Any CPU.ActiveCfg = Debug|Any CPU
		{55D92651-80B5-467D-9050-42FB36611AFB}.Debug|Any CPU.Build.0 = Debug|Any CPU
		{55D92651-80B5-467D-9050-42FB36611AFB}.Release|Any CPU.ActiveCfg = Release|Any CPU
		{55D92651-80B5-467D-9050-42FB36611AFB}.Release|Any CPU.Build.0 = Release|Any CPU
	EndGlobalSection
	GlobalSection(SolutionProperties) = preSolution
		HideSolutionNode = FALSE
	EndGlobalSection
	GlobalSection(ExtensibilityGlobals) = postSolution
		SolutionGuid = {FF73D934-1E34-42B9-8C8E-016FD9648D65}
	EndGlobalSection
EndGlobal
